// !$*UTF8*$!
{
	archiveVersion = 1;
	classes = {
	};
	objectVersion = 46;
	objects = {

/* Begin PBXBuildFile section */
		F71493901B37F2BB008A359E /* Kamagari.framework in Frameworks */ = {isa = PBXBuildFile; fileRef = F71493841B37F2BB008A359E /* Kamagari.framework */; };
		F71493AC1B37F3B3008A359E /* Kamagari.h in Headers */ = {isa = PBXBuildFile; fileRef = F71493A71B37F3B3008A359E /* Kamagari.h */; settings = {ATTRIBUTES = (Public, ); }; };
		F71493B01B37F415008A359E /* AlertBuilder.swift in Sources */ = {isa = PBXBuildFile; fileRef = F71493AF1B37F415008A359E /* AlertBuilder.swift */; };
		F71493B21B37F96B008A359E /* UIAlertControllerExtension.swift in Sources */ = {isa = PBXBuildFile; fileRef = F71493B11B37F96B008A359E /* UIAlertControllerExtension.swift */; };
		F73BBC2B1B37FAEC00010E03 /* KamagariTests.swift in Sources */ = {isa = PBXBuildFile; fileRef = F71493A21B37F386008A359E /* KamagariTests.swift */; };
/* End PBXBuildFile section */

/* Begin PBXContainerItemProxy section */
		F71493911B37F2BB008A359E /* PBXContainerItemProxy */ = {
			isa = PBXContainerItemProxy;
			containerPortal = F714937B1B37F2BB008A359E /* Project object */;
			proxyType = 1;
			remoteGlobalIDString = F71493831B37F2BB008A359E;
			remoteInfo = Kamagari;
		};
/* End PBXContainerItemProxy section */

/* Begin PBXFileReference section */
		F71493841B37F2BB008A359E /* Kamagari.framework */ = {isa = PBXFileReference; explicitFileType = wrapper.framework; includeInIndex = 0; path = Kamagari.framework; sourceTree = BUILT_PRODUCTS_DIR; };
		F714938F1B37F2BB008A359E /* KamagariTests.xctest */ = {isa = PBXFileReference; explicitFileType = wrapper.cfbundle; includeInIndex = 0; path = KamagariTests.xctest; sourceTree = BUILT_PRODUCTS_DIR; };
		F71493A11B37F386008A359E /* Info.plist */ = {isa = PBXFileReference; fileEncoding = 4; lastKnownFileType = text.plist.xml; path = Info.plist; sourceTree = "<group>"; };
		F71493A21B37F386008A359E /* KamagariTests.swift */ = {isa = PBXFileReference; fileEncoding = 4; lastKnownFileType = sourcecode.swift; path = KamagariTests.swift; sourceTree = "<group>"; };
		F71493A61B37F3B3008A359E /* Info.plist */ = {isa = PBXFileReference; fileEncoding = 4; lastKnownFileType = text.plist.xml; path = Info.plist; sourceTree = "<group>"; };
		F71493A71B37F3B3008A359E /* Kamagari.h */ = {isa = PBXFileReference; fileEncoding = 4; lastKnownFileType = sourcecode.c.h; path = Kamagari.h; sourceTree = "<group>"; };
		F71493AF1B37F415008A359E /* AlertBuilder.swift */ = {isa = PBXFileReference; fileEncoding = 4; lastKnownFileType = sourcecode.swift; path = AlertBuilder.swift; sourceTree = "<group>"; };
		F71493B11B37F96B008A359E /* UIAlertControllerExtension.swift */ = {isa = PBXFileReference; fileEncoding = 4; lastKnownFileType = sourcecode.swift; path = UIAlertControllerExtension.swift; sourceTree = "<group>"; };
/* End PBXFileReference section */

/* Begin PBXFrameworksBuildPhase section */
		F71493801B37F2BB008A359E /* Frameworks */ = {
			isa = PBXFrameworksBuildPhase;
			buildActionMask = 2147483647;
			files = (
			);
			runOnlyForDeploymentPostprocessing = 0;
		};
		F714938C1B37F2BB008A359E /* Frameworks */ = {
			isa = PBXFrameworksBuildPhase;
			buildActionMask = 2147483647;
			files = (
				F71493901B37F2BB008A359E /* Kamagari.framework in Frameworks */,
			);
			runOnlyForDeploymentPostprocessing = 0;
		};
/* End PBXFrameworksBuildPhase section */

/* Begin PBXGroup section */
		F714937A1B37F2BB008A359E = {
			isa = PBXGroup;
			children = (
				F71493A51B37F3B3008A359E /* Source */,
				F71493A01B37F386008A359E /* Tests */,
				F71493851B37F2BB008A359E /* Products */,
			);
			sourceTree = "<group>";
		};
		F71493851B37F2BB008A359E /* Products */ = {
			isa = PBXGroup;
			children = (
				F71493841B37F2BB008A359E /* Kamagari.framework */,
				F714938F1B37F2BB008A359E /* KamagariTests.xctest */,
			);
			name = Products;
			sourceTree = "<group>";
		};
		F71493A01B37F386008A359E /* Tests */ = {
			isa = PBXGroup;
			children = (
				F71493A11B37F386008A359E /* Info.plist */,
				F71493A21B37F386008A359E /* KamagariTests.swift */,
			);
			path = Tests;
			sourceTree = "<group>";
		};
		F71493A51B37F3B3008A359E /* Source */ = {
			isa = PBXGroup;
			children = (
				F71493A61B37F3B3008A359E /* Info.plist */,
				F71493A71B37F3B3008A359E /* Kamagari.h */,
				F71493AF1B37F415008A359E /* AlertBuilder.swift */,
				F71493B11B37F96B008A359E /* UIAlertControllerExtension.swift */,
			);
			path = Source;
			sourceTree = "<group>";
		};
/* End PBXGroup section */

/* Begin PBXHeadersBuildPhase section */
		F71493811B37F2BB008A359E /* Headers */ = {
			isa = PBXHeadersBuildPhase;
			buildActionMask = 2147483647;
			files = (
				F71493AC1B37F3B3008A359E /* Kamagari.h in Headers */,
			);
			runOnlyForDeploymentPostprocessing = 0;
		};
/* End PBXHeadersBuildPhase section */

/* Begin PBXNativeTarget section */
		F71493831B37F2BB008A359E /* Kamagari */ = {
			isa = PBXNativeTarget;
			buildConfigurationList = F714939A1B37F2BB008A359E /* Build configuration list for PBXNativeTarget "Kamagari" */;
			buildPhases = (
				F714937F1B37F2BB008A359E /* Sources */,
				F71493801B37F2BB008A359E /* Frameworks */,
				F71493811B37F2BB008A359E /* Headers */,
				F71493821B37F2BB008A359E /* Resources */,
			);
			buildRules = (
			);
			dependencies = (
			);
			name = Kamagari;
			productName = Kamagari;
			productReference = F71493841B37F2BB008A359E /* Kamagari.framework */;
			productType = "com.apple.product-type.framework";
		};
		F714938E1B37F2BB008A359E /* KamagariTests */ = {
			isa = PBXNativeTarget;
			buildConfigurationList = F714939D1B37F2BB008A359E /* Build configuration list for PBXNativeTarget "KamagariTests" */;
			buildPhases = (
				F714938B1B37F2BB008A359E /* Sources */,
				F714938C1B37F2BB008A359E /* Frameworks */,
				F714938D1B37F2BB008A359E /* Resources */,
			);
			buildRules = (
			);
			dependencies = (
				F71493921B37F2BB008A359E /* PBXTargetDependency */,
			);
			name = KamagariTests;
			productName = KamagariTests;
			productReference = F714938F1B37F2BB008A359E /* KamagariTests.xctest */;
			productType = "com.apple.product-type.bundle.unit-test";
		};
/* End PBXNativeTarget section */

/* Begin PBXProject section */
		F714937B1B37F2BB008A359E /* Project object */ = {
			isa = PBXProject;
			attributes = {
				LastSwiftUpdateCheck = 0700;
				LastUpgradeCheck = 0800;
				ORGANIZATIONNAME = "Kazunobu Tasaka";
				TargetAttributes = {
					F71493831B37F2BB008A359E = {
						CreatedOnToolsVersion = 6.3.2;
						LastSwiftMigration = 0800;
					};
					F714938E1B37F2BB008A359E = {
						CreatedOnToolsVersion = 6.3.2;
						LastSwiftMigration = 0800;
					};
				};
			};
			buildConfigurationList = F714937E1B37F2BB008A359E /* Build configuration list for PBXProject "Kamagari" */;
			compatibilityVersion = "Xcode 3.2";
			developmentRegion = English;
			hasScannedForEncodings = 0;
			knownRegions = (
				en,
			);
			mainGroup = F714937A1B37F2BB008A359E;
			productRefGroup = F71493851B37F2BB008A359E /* Products */;
			projectDirPath = "";
			projectRoot = "";
			targets = (
				F71493831B37F2BB008A359E /* Kamagari */,
				F714938E1B37F2BB008A359E /* KamagariTests */,
			);
		};
/* End PBXProject section */

/* Begin PBXResourcesBuildPhase section */
		F71493821B37F2BB008A359E /* Resources */ = {
			isa = PBXResourcesBuildPhase;
			buildActionMask = 2147483647;
			files = (
			);
			runOnlyForDeploymentPostprocessing = 0;
		};
		F714938D1B37F2BB008A359E /* Resources */ = {
			isa = PBXResourcesBuildPhase;
			buildActionMask = 2147483647;
			files = (
			);
			runOnlyForDeploymentPostprocessing = 0;
		};
/* End PBXResourcesBuildPhase section */

/* Begin PBXSourcesBuildPhase section */
		F714937F1B37F2BB008A359E /* Sources */ = {
			isa = PBXSourcesBuildPhase;
			buildActionMask = 2147483647;
			files = (
				F71493B01B37F415008A359E /* AlertBuilder.swift in Sources */,
				F71493B21B37F96B008A359E /* UIAlertControllerExtension.swift in Sources */,
			);
			runOnlyForDeploymentPostprocessing = 0;
		};
		F714938B1B37F2BB008A359E /* Sources */ = {
			isa = PBXSourcesBuildPhase;
			buildActionMask = 2147483647;
			files = (
				F73BBC2B1B37FAEC00010E03 /* KamagariTests.swift in Sources */,
			);
			runOnlyForDeploymentPostprocessing = 0;
		};
/* End PBXSourcesBuildPhase section */

/* Begin PBXTargetDependency section */
		F71493921B37F2BB008A359E /* PBXTargetDependency */ = {
			isa = PBXTargetDependency;
			target = F71493831B37F2BB008A359E /* Kamagari */;
			targetProxy = F71493911B37F2BB008A359E /* PBXContainerItemProxy */;
		};
/* End PBXTargetDependency section */

/* Begin XCBuildConfiguration section */
		F71493981B37F2BB008A359E /* Debug */ = {
			isa = XCBuildConfiguration;
			buildSettings = {
				ALWAYS_SEARCH_USER_PATHS = NO;
				CLANG_CXX_LANGUAGE_STANDARD = "gnu++0x";
				CLANG_CXX_LIBRARY = "libc++";
				CLANG_ENABLE_MODULES = YES;
				CLANG_ENABLE_OBJC_ARC = YES;
				CLANG_WARN_BOOL_CONVERSION = YES;
				CLANG_WARN_CONSTANT_CONVERSION = YES;
				CLANG_WARN_DIRECT_OBJC_ISA_USAGE = YES_ERROR;
				CLANG_WARN_EMPTY_BODY = YES;
				CLANG_WARN_ENUM_CONVERSION = YES;
				CLANG_WARN_INFINITE_RECURSION = YES;
				CLANG_WARN_INT_CONVERSION = YES;
				CLANG_WARN_OBJC_ROOT_CLASS = YES_ERROR;
				CLANG_WARN_SUSPICIOUS_MOVE = YES;
				CLANG_WARN_UNREACHABLE_CODE = YES;
				CLANG_WARN__DUPLICATE_METHOD_MATCH = YES;
				"CODE_SIGN_IDENTITY[sdk=iphoneos*]" = "";
				COPY_PHASE_STRIP = NO;
				CURRENT_PROJECT_VERSION = 1;
				DEBUG_INFORMATION_FORMAT = "dwarf-with-dsym";
				ENABLE_STRICT_OBJC_MSGSEND = YES;
				ENABLE_TESTABILITY = YES;
				GCC_C_LANGUAGE_STANDARD = gnu99;
				GCC_DYNAMIC_NO_PIC = NO;
				GCC_NO_COMMON_BLOCKS = YES;
				GCC_OPTIMIZATION_LEVEL = 0;
				GCC_PREPROCESSOR_DEFINITIONS = (
					"DEBUG=1",
					"$(inherited)",
				);
				GCC_SYMBOLS_PRIVATE_EXTERN = NO;
				GCC_WARN_64_TO_32_BIT_CONVERSION = YES;
				GCC_WARN_ABOUT_RETURN_TYPE = YES_ERROR;
				GCC_WARN_UNDECLARED_SELECTOR = YES;
				GCC_WARN_UNINITIALIZED_AUTOS = YES_AGGRESSIVE;
				GCC_WARN_UNUSED_FUNCTION = YES;
				GCC_WARN_UNUSED_VARIABLE = YES;
				IPHONEOS_DEPLOYMENT_TARGET = 8.0;
				MTL_ENABLE_DEBUG_INFO = YES;
				ONLY_ACTIVE_ARCH = YES;
				SDKROOT = iphoneos;
				SWIFT_OPTIMIZATION_LEVEL = "-Onone";
				TARGETED_DEVICE_FAMILY = "1,2";
				VERSIONING_SYSTEM = "apple-generic";
				VERSION_INFO_PREFIX = "";
			};
			name = Debug;
		};
		F71493991B37F2BB008A359E /* Release */ = {
			isa = XCBuildConfiguration;
			buildSettings = {
				ALWAYS_SEARCH_USER_PATHS = NO;
				CLANG_CXX_LANGUAGE_STANDARD = "gnu++0x";
				CLANG_CXX_LIBRARY = "libc++";
				CLANG_ENABLE_MODULES = YES;
				CLANG_ENABLE_OBJC_ARC = YES;
				CLANG_WARN_BOOL_CONVERSION = YES;
				CLANG_WARN_CONSTANT_CONVERSION = YES;
				CLANG_WARN_DIRECT_OBJC_ISA_USAGE = YES_ERROR;
				CLANG_WARN_EMPTY_BODY = YES;
				CLANG_WARN_ENUM_CONVERSION = YES;
				CLANG_WARN_INFINITE_RECURSION = YES;
				CLANG_WARN_INT_CONVERSION = YES;
				CLANG_WARN_OBJC_ROOT_CLASS = YES_ERROR;
				CLANG_WARN_SUSPICIOUS_MOVE = YES;
				CLANG_WARN_UNREACHABLE_CODE = YES;
				CLANG_WARN__DUPLICATE_METHOD_MATCH = YES;
				"CODE_SIGN_IDENTITY[sdk=iphoneos*]" = "";
				COPY_PHASE_STRIP = NO;
				CURRENT_PROJECT_VERSION = 1;
				DEBUG_INFORMATION_FORMAT = "dwarf-with-dsym";
				ENABLE_NS_ASSERTIONS = NO;
				ENABLE_STRICT_OBJC_MSGSEND = YES;
				GCC_C_LANGUAGE_STANDARD = gnu99;
				GCC_NO_COMMON_BLOCKS = YES;
				GCC_WARN_64_TO_32_BIT_CONVERSION = YES;
				GCC_WARN_ABOUT_RETURN_TYPE = YES_ERROR;
				GCC_WARN_UNDECLARED_SELECTOR = YES;
				GCC_WARN_UNINITIALIZED_AUTOS = YES_AGGRESSIVE;
				GCC_WARN_UNUSED_FUNCTION = YES;
				GCC_WARN_UNUSED_VARIABLE = YES;
				IPHONEOS_DEPLOYMENT_TARGET = 8.0;
				MTL_ENABLE_DEBUG_INFO = NO;
				SDKROOT = iphoneos;
				TARGETED_DEVICE_FAMILY = "1,2";
				VALIDATE_PRODUCT = YES;
				VERSIONING_SYSTEM = "apple-generic";
				VERSION_INFO_PREFIX = "";
			};
			name = Release;
		};
		F714939B1B37F2BB008A359E /* Debug */ = {
			isa = XCBuildConfiguration;
			buildSettings = {
				DEFINES_MODULE = YES;
				DYLIB_COMPATIBILITY_VERSION = 1;
				DYLIB_CURRENT_VERSION = 1;
				DYLIB_INSTALL_NAME_BASE = "@rpath";
				INFOPLIST_FILE = Source/Info.plist;
				INSTALL_PATH = "$(LOCAL_LIBRARY_DIR)/Frameworks";
				LD_RUNPATH_SEARCH_PATHS = "$(inherited) @executable_path/Frameworks @loader_path/Frameworks";
				PRODUCT_BUNDLE_IDENTIFIER = "jp.tasanobu.$(PRODUCT_NAME:rfc1034identifier)";
				PRODUCT_NAME = "$(TARGET_NAME)";
				SKIP_INSTALL = YES;
				SWIFT_VERSION = 3.0;
			};
			name = Debug;
		};
		F714939C1B37F2BB008A359E /* Release */ = {
			isa = XCBuildConfiguration;
			buildSettings = {
				DEFINES_MODULE = YES;
				DYLIB_COMPATIBILITY_VERSION = 1;
				DYLIB_CURRENT_VERSION = 1;
				DYLIB_INSTALL_NAME_BASE = "@rpath";
				INFOPLIST_FILE = Source/Info.plist;
				INSTALL_PATH = "$(LOCAL_LIBRARY_DIR)/Frameworks";
				LD_RUNPATH_SEARCH_PATHS = "$(inherited) @executable_path/Frameworks @loader_path/Frameworks";
				PRODUCT_BUNDLE_IDENTIFIER = "jp.tasanobu.$(PRODUCT_NAME:rfc1034identifier)";
				PRODUCT_NAME = "$(TARGET_NAME)";
				SKIP_INSTALL = YES;
				SWIFT_OPTIMIZATION_LEVEL = "-Owholemodule";
				SWIFT_VERSION = 3.0;
			};
			name = Release;
		};
		F714939E1B37F2BB008A359E /* Debug */ = {
			isa = XCBuildConfiguration;
			buildSettings = {
				"CODE_SIGN_IDENTITY[sdk=iphoneos*]" = "";
				FRAMEWORK_SEARCH_PATHS = (
					"$(SDKROOT)/Developer/Library/Frameworks",
					"$(inherited)",
				);
				GCC_PREPROCESSOR_DEFINITIONS = (
					"DEBUG=1",
					"$(inherited)",
				);
				INFOPLIST_FILE = Tests/Info.plist;
				LD_RUNPATH_SEARCH_PATHS = "$(inherited) @executable_path/Frameworks @loader_path/Frameworks";
				PRODUCT_BUNDLE_IDENTIFIER = "jp.tasanobu.$(PRODUCT_NAME:rfc1034identifier)";
				PRODUCT_NAME = "$(TARGET_NAME)";
				SWIFT_VERSION = 3.0;
			};
			name = Debug;
		};
		F714939F1B37F2BB008A359E /* Release */ = {
			isa = XCBuildConfiguration;
			buildSettings = {
				"CODE_SIGN_IDENTITY[sdk=iphoneos*]" = "";
				FRAMEWORK_SEARCH_PATHS = (
					"$(SDKROOT)/Developer/Library/Frameworks",
					"$(inherited)",
				);
				INFOPLIST_FILE = Tests/Info.plist;
				LD_RUNPATH_SEARCH_PATHS = "$(inherited) @executable_path/Frameworks @loader_path/Frameworks";
				PRODUCT_BUNDLE_IDENTIFIER = "jp.tasanobu.$(PRODUCT_NAME:rfc1034identifier)";
				PRODUCT_NAME = "$(TARGET_NAME)";
				SWIFT_OPTIMIZATION_LEVEL = "-Owholemodule";
				SWIFT_VERSION = 3.0;
			};
			name = Release;
		};
/* End XCBuildConfiguration section */

/* Begin XCConfigurationList section */
		F714937E1B37F2BB008A359E /* Build configuration list for PBXProject "Kamagari" */ = {
			isa = XCConfigurationList;
			buildConfigurations = (
				F71493981B37F2BB008A359E /* Debug */,
				F71493991B37F2BB008A359E /* Release */,
			);
			defaultConfigurationIsVisible = 0;
			defaultConfigurationName = Release;
		};
		F714939A1B37F2BB008A359E /* Build configuration list for PBXNativeTarget "Kamagari" */ = {
			isa = XCConfigurationList;
			buildConfigurations = (
				F714939B1B37F2BB008A359E /* Debug */,
				F714939C1B37F2BB008A359E /* Release */,
			);
			defaultConfigurationIsVisible = 0;
			defaultConfigurationName = Release;
		};
		F714939D1B37F2BB008A359E /* Build configuration list for PBXNativeTarget "KamagariTests" */ = {
			isa = XCConfigurationList;
			buildConfigurations = (
				F714939E1B37F2BB008A359E /* Debug */,
				F714939F1B37F2BB008A359E /* Release */,
			);
			defaultConfigurationIsVisible = 0;
			defaultConfigurationName = Release;
		};
/* End XCConfigurationList section */
	};
	rootObject = F714937B1B37F2BB008A359E /* Project object */;
}
